
Microsoft Visual Studio Solution File, Format Version 12.00
# Visual Studio Version 17
VisualStudioVersion = 17.13.35825.156 d17.13
MinimumVisualStudioVersion = 10.0.40219.1
Project("{FAE04EC0-301F-11D3-BF4B-00C04F79EFBC}") = "KASIHKU", "KASIHKU\KASIHKU.csproj", "{94162F34-F48E-4CDF-AC70-F067C30BEE98}"
EndProject
Global
	GlobalSection(SolutionConfigurationPlatforms) = preSolution
		Debug|Any CPU = Debug|Any CPU
		Release|Any CPU = Release|Any CPU
	EndGlobalSection
	GlobalSection(ProjectConfigurationPlatforms) = postSolution
		{94162F34-F48E-4CDF-AC70-F067C30BEE98}.Debug|Any CPU.ActiveCfg = Debug|Any CPU
		{94162F34-F48E-4CDF-AC70-F067C30BEE98}.Debug|Any CPU.Build.0 = Debug|Any CPU
		{94162F34-F48E-4CDF-AC70-F067C30BEE98}.Release|Any CPU.ActiveCfg = Release|Any CPU
		{94162F34-F48E-4CDF-AC70-F067C30BEE98}.Release|Any CPU.Build.0 = Release|Any CPU
	EndGlobalSection
	GlobalSection(SolutionProperties) = preSolution
		HideSolutionNode = FALSE
	EndGlobalSection
	GlobalSection(ExtensibilityGlobals) = postSolution
		SolutionGuid = {CADB9291-EFA4-43A8-BA34-311903AF8DCE}
	EndGlobalSection
EndGlobal
